PODS:
  - Realm (4.0.0):
    - Realm/Headers (= 4.0.0)
  - Realm/Headers (4.0.0)
  - RealmSwift (4.0.0):
    - Realm (= 4.0.0)

DEPENDENCIES:
  - RealmSwift

SPEC REPOS:
  trunk:
    - Realm
    - RealmSwift

SPEC CHECKSUMS:
  Realm: 0c5b8f398daeec5b29824e41c453ff9e126e31d8
  RealmSwift: 02e1f604f7091ec535145055764ca53efa8cdc92

PODFILE CHECKSUM: cacac4c715301901bcefac8a697d64475cb6b568

COCOAPODS: 1.8.4
